
Microsoft Visual Studio Solution File, Format Version 12.00
# Visual Studio Version 16
VisualStudioVersion = 16.0.31025.194
MinimumVisualStudioVersion = 10.0.40219.1
Project("{FAE04EC0-301F-11D3-BF4B-00C04F79EFBC}") = "ValidNumber", "Practice-Projects\ValidNumber.csproj", "{8F9A8F68-694D-4C81-B7C7-17A3F96EE5E5}"
EndProject
Project("{FAE04EC0-301F-11D3-BF4B-00C04F79EFBC}") = "MaxTwoNumbers", "..\MaxTwoNumbers\MaxTwoNumbers.csproj", "{D4BAC404-8EF5-4204-8B3E-2594A7AC6C7A}"
EndProject
Project("{FAE04EC0-301F-11D3-BF4B-00C04F79EFBC}") = "LandscapePotraitImage", "..\LandscapePotraitImage\LandscapePotraitImage.csproj", "{00C33437-448B-441C-BAA6-AAE0AA2DDF5A}"
EndProject
Global
	GlobalSection(SolutionConfigurationPlatforms) = preSolution
		Debug|Any CPU = Debug|Any CPU
		Release|Any CPU = Release|Any CPU
	EndGlobalSection
	GlobalSection(ProjectConfigurationPlatforms) = postSolution
		{8F9A8F68-694D-4C81-B7C7-17A3F96EE5E5}.Debug|Any CPU.ActiveCfg = Debug|Any CPU
		{8F9A8F68-694D-4C81-B7C7-17A3F96EE5E5}.Debug|Any CPU.Build.0 = Debug|Any CPU
		{8F9A8F68-694D-4C81-B7C7-17A3F96EE5E5}.Release|Any CPU.ActiveCfg = Release|Any CPU
		{8F9A8F68-694D-4C81-B7C7-17A3F96EE5E5}.Release|Any CPU.Build.0 = Release|Any CPU
		{D4BAC404-8EF5-4204-8B3E-2594A7AC6C7A}.Debug|Any CPU.ActiveCfg = Debug|Any CPU
		{D4BAC404-8EF5-4204-8B3E-2594A7AC6C7A}.Debug|Any CPU.Build.0 = Debug|Any CPU
		{D4BAC404-8EF5-4204-8B3E-2594A7AC6C7A}.Release|Any CPU.ActiveCfg = Release|Any CPU
		{D4BAC404-8EF5-4204-8B3E-2594A7AC6C7A}.Release|Any CPU.Build.0 = Release|Any CPU
		{00C33437-448B-441C-BAA6-AAE0AA2DDF5A}.Debug|Any CPU.ActiveCfg = Debug|Any CPU
		{00C33437-448B-441C-BAA6-AAE0AA2DDF5A}.Debug|Any CPU.Build.0 = Debug|Any CPU
		{00C33437-448B-441C-BAA6-AAE0AA2DDF5A}.Release|Any CPU.ActiveCfg = Release|Any CPU
		{00C33437-448B-441C-BAA6-AAE0AA2DDF5A}.Release|Any CPU.Build.0 = Release|Any CPU
	EndGlobalSection
	GlobalSection(SolutionProperties) = preSolution
		HideSolutionNode = FALSE
	EndGlobalSection
	GlobalSection(ExtensibilityGlobals) = postSolution
		SolutionGuid = {28991C98-A7A3-48F3-BC6B-E1200486D999}
	EndGlobalSection
EndGlobal
